
Microsoft Visual Studio Solution File, Format Version 12.00
# Visual Studio Version 17
VisualStudioVersion = 17.1.31911.260
MinimumVisualStudioVersion = 10.0.40219.1
Project("{FAE04EC0-301F-11D3-BF4B-00C04F79EFBC}") = "BasePageObjectModel", "BasePageObjectModel\BasePageObjectModel.csproj", "{4C7FD6D2-DF5C-4E01-950A-91104B67883B}"
EndProject
Project("{2150E333-8FDC-42A3-9474-1A3956D46DE8}") = "nuget", "nuget", "{91E7B7B6-78F9-4838-9791-3B53C6DDF1F0}"
	ProjectSection(SolutionItems) = preProject
		BasePageObjectModel.MSTest\NuGet\BasePageObjectModel.MsTest.nuspec = BasePageObjectModel.MSTest\NuGet\BasePageObjectModel.MsTest.nuspec
		BasePageObjectModel.Nunit\NuGet\BasePageObjectModel.Nunit.nuspec = BasePageObjectModel.Nunit\NuGet\BasePageObjectModel.Nunit.nuspec
		BasePageObjectModel\NuGet\BasePageObjectModel.nuspec = BasePageObjectModel\NuGet\BasePageObjectModel.nuspec
		BasePageObjectModel.xUnit\NuGet\BasePageObjectModel.xUnit.nuspec = BasePageObjectModel.xUnit\NuGet\BasePageObjectModel.xUnit.nuspec
	EndProjectSection
EndProject
Project("{FAE04EC0-301F-11D3-BF4B-00C04F79EFBC}") = "BasePageObjectModel.MSTest", "BasePageObjectModel.MSTest\BasePageObjectModel.MSTest.csproj", "{1CD9876C-8639-4D90-8C47-FD86B5FC8F88}"
EndProject
Project("{FAE04EC0-301F-11D3-BF4B-00C04F79EFBC}") = "BasePageObjectModel.Nunit", "BasePageObjectModel.Nunit\BasePageObjectModel.Nunit.csproj", "{299BEC01-3F29-4FA5-8D7C-62409FE086B0}"
EndProject
Project("{FAE04EC0-301F-11D3-BF4B-00C04F79EFBC}") = "BasePageObjectModel.xUnit", "BasePageObjectModel.xUnit\BasePageObjectModel.xUnit.csproj", "{97B60A73-344E-45A6-9622-8C2955F7ADD1}"
EndProject
Project("{FAE04EC0-301F-11D3-BF4B-00C04F79EFBC}") = "TestApp", "TestApp\TestApp.csproj", "{2D01CD1E-F656-4978-A4DE-8213B9D643F7}"
EndProject
Project("{FAE04EC0-301F-11D3-BF4B-00C04F79EFBC}") = "TestPageObjectModel", "TestPageObjectModel\TestPageObjectModel.csproj", "{EE8A2B00-033A-41D6-A1C3-9E75ADCE1A2D}"
EndProject
Project("{FAE04EC0-301F-11D3-BF4B-00C04F79EFBC}") = "BasePageObjectModel.Tests", "BasePageObjectModel.Tests\BasePageObjectModel.Tests.csproj", "{96CAC9DA-E7AB-42FC-94EE-B62038533F29}"
EndProject
Project("{9A19103F-16F7-4668-BE54-9A1E7A4F7556}") = "TestSpecs", "TestSpecs\TestSpecs.csproj", "{8761EB9F-E593-4D5B-B8ED-09DC297F8627}"
EndProject
Project("{9A19103F-16F7-4668-BE54-9A1E7A4F7556}") = "DotnetGap", "DotnetGap\DotnetGap.csproj", "{27D694BF-F236-4275-A972-DD42367572E4}"
EndProject
Global
	GlobalSection(SolutionConfigurationPlatforms) = preSolution
		Debug|Any CPU = Debug|Any CPU
		Release|Any CPU = Release|Any CPU
	EndGlobalSection
	GlobalSection(ProjectConfigurationPlatforms) = postSolution
		{4C7FD6D2-DF5C-4E01-950A-91104B67883B}.Debug|Any CPU.ActiveCfg = Debug|Any CPU
		{4C7FD6D2-DF5C-4E01-950A-91104B67883B}.Debug|Any CPU.Build.0 = Debug|Any CPU
		{4C7FD6D2-DF5C-4E01-950A-91104B67883B}.Release|Any CPU.ActiveCfg = Release|Any CPU
		{4C7FD6D2-DF5C-4E01-950A-91104B67883B}.Release|Any CPU.Build.0 = Release|Any CPU
		{1CD9876C-8639-4D90-8C47-FD86B5FC8F88}.Debug|Any CPU.ActiveCfg = Debug|Any CPU
		{1CD9876C-8639-4D90-8C47-FD86B5FC8F88}.Debug|Any CPU.Build.0 = Debug|Any CPU
		{1CD9876C-8639-4D90-8C47-FD86B5FC8F88}.Release|Any CPU.ActiveCfg = Release|Any CPU
		{1CD9876C-8639-4D90-8C47-FD86B5FC8F88}.Release|Any CPU.Build.0 = Release|Any CPU
		{299BEC01-3F29-4FA5-8D7C-62409FE086B0}.Debug|Any CPU.ActiveCfg = Debug|Any CPU
		{299BEC01-3F29-4FA5-8D7C-62409FE086B0}.Debug|Any CPU.Build.0 = Debug|Any CPU
		{299BEC01-3F29-4FA5-8D7C-62409FE086B0}.Release|Any CPU.ActiveCfg = Release|Any CPU
		{299BEC01-3F29-4FA5-8D7C-62409FE086B0}.Release|Any CPU.Build.0 = Release|Any CPU
		{97B60A73-344E-45A6-9622-8C2955F7ADD1}.Debug|Any CPU.ActiveCfg = Debug|Any CPU
		{97B60A73-344E-45A6-9622-8C2955F7ADD1}.Debug|Any CPU.Build.0 = Debug|Any CPU
		{97B60A73-344E-45A6-9622-8C2955F7ADD1}.Release|Any CPU.ActiveCfg = Release|Any CPU
		{97B60A73-344E-45A6-9622-8C2955F7ADD1}.Release|Any CPU.Build.0 = Release|Any CPU
		{2D01CD1E-F656-4978-A4DE-8213B9D643F7}.Debug|Any CPU.ActiveCfg = Debug|Any CPU
		{2D01CD1E-F656-4978-A4DE-8213B9D643F7}.Debug|Any CPU.Build.0 = Debug|Any CPU
		{2D01CD1E-F656-4978-A4DE-8213B9D643F7}.Release|Any CPU.ActiveCfg = Release|Any CPU
		{2D01CD1E-F656-4978-A4DE-8213B9D643F7}.Release|Any CPU.Build.0 = Release|Any CPU
		{EE8A2B00-033A-41D6-A1C3-9E75ADCE1A2D}.Debug|Any CPU.ActiveCfg = Debug|Any CPU
		{EE8A2B00-033A-41D6-A1C3-9E75ADCE1A2D}.Debug|Any CPU.Build.0 = Debug|Any CPU
		{EE8A2B00-033A-41D6-A1C3-9E75ADCE1A2D}.Release|Any CPU.ActiveCfg = Release|Any CPU
		{EE8A2B00-033A-41D6-A1C3-9E75ADCE1A2D}.Release|Any CPU.Build.0 = Release|Any CPU
		{96CAC9DA-E7AB-42FC-94EE-B62038533F29}.Debug|Any CPU.ActiveCfg = Debug|Any CPU
		{96CAC9DA-E7AB-42FC-94EE-B62038533F29}.Debug|Any CPU.Build.0 = Debug|Any CPU
		{96CAC9DA-E7AB-42FC-94EE-B62038533F29}.Release|Any CPU.ActiveCfg = Release|Any CPU
		{96CAC9DA-E7AB-42FC-94EE-B62038533F29}.Release|Any CPU.Build.0 = Release|Any CPU
		{8761EB9F-E593-4D5B-B8ED-09DC297F8627}.Debug|Any CPU.ActiveCfg = Debug|Any CPU
		{8761EB9F-E593-4D5B-B8ED-09DC297F8627}.Debug|Any CPU.Build.0 = Debug|Any CPU
		{8761EB9F-E593-4D5B-B8ED-09DC297F8627}.Release|Any CPU.ActiveCfg = Release|Any CPU
		{8761EB9F-E593-4D5B-B8ED-09DC297F8627}.Release|Any CPU.Build.0 = Release|Any CPU
		{27D694BF-F236-4275-A972-DD42367572E4}.Debug|Any CPU.ActiveCfg = Debug|Any CPU
		{27D694BF-F236-4275-A972-DD42367572E4}.Debug|Any CPU.Build.0 = Debug|Any CPU
		{27D694BF-F236-4275-A972-DD42367572E4}.Release|Any CPU.ActiveCfg = Release|Any CPU
		{27D694BF-F236-4275-A972-DD42367572E4}.Release|Any CPU.Build.0 = Release|Any CPU
	EndGlobalSection
	GlobalSection(SolutionProperties) = preSolution
		HideSolutionNode = FALSE
	EndGlobalSection
	GlobalSection(ExtensibilityGlobals) = postSolution
		SolutionGuid = {71C6F218-ACDF-49C5-A15A-79433C3C86F1}
	EndGlobalSection
EndGlobal
