
Microsoft Visual Studio Solution File, Format Version 12.00
# Visual Studio Version 17
VisualStudioVersion = 17.1.31911.260
MinimumVisualStudioVersion = 10.0.40219.1
Project("{9A19103F-16F7-4668-BE54-9A1E7A4F7556}") = "TestPageObjectModel", "TestPageObjectModel\TestPageObjectModel.csproj", "{244B60C8-FE67-4727-874A-337A66F621E0}"
EndProject
Project("{9A19103F-16F7-4668-BE54-9A1E7A4F7556}") = "BasePageObjectModel.MSTest", "BasePageObjectModel.MSTest\BasePageObjectModel.MSTest.csproj", "{62E7A14D-8797-4F50-AF58-AF2F5D1350D1}"
EndProject
Project("{9A19103F-16F7-4668-BE54-9A1E7A4F7556}") = "BasePageObjectModel.Nunit", "BasePageObjectModel.Nunit\BasePageObjectModel.Nunit.csproj", "{1E53A4ED-CB63-4748-8E25-3E44996F0633}"
EndProject
Project("{9A19103F-16F7-4668-BE54-9A1E7A4F7556}") = "BasePageObjectModel.Tests", "BasePageObjectModel.Tests\BasePageObjectModel.Tests.csproj", "{B50A966C-3627-4CC9-BD4C-0FAB5745AC9B}"
EndProject
Project("{9A19103F-16F7-4668-BE54-9A1E7A4F7556}") = "BasePageObjectModel.xUnit", "BasePageObjectModel.xUnit\BasePageObjectModel.xUnit.csproj", "{21E6B0E5-C117-413E-BF14-4599333B2B88}"
EndProject
Project("{9A19103F-16F7-4668-BE54-9A1E7A4F7556}") = "DotnetGap", "DotnetGap\DotnetGap.csproj", "{FF05112B-3350-4B94-8583-BEF6C4C0CA96}"
EndProject
Project("{FAE04EC0-301F-11D3-BF4B-00C04F79EFBC}") = "TestApp", "TestApp\TestApp.csproj", "{2D01CD1E-F656-4978-A4DE-8213B9D643F7}"
EndProject
Project("{9A19103F-16F7-4668-BE54-9A1E7A4F7556}") = "TestSpecs", "TestSpecs\TestSpecs.csproj", "{41207546-8170-4625-B663-31E0035A45DE}"
EndProject
Project("{9A19103F-16F7-4668-BE54-9A1E7A4F7556}") = "BasePageObjectModel", "BasePageObjectModel\BasePageObjectModel.csproj", "{BBBD5D06-6D10-4BF6-8F9D-2D278029A989}"
EndProject
Global
	GlobalSection(SolutionConfigurationPlatforms) = preSolution
		Debug|Any CPU = Debug|Any CPU
		Release|Any CPU = Release|Any CPU
	EndGlobalSection
	GlobalSection(ProjectConfigurationPlatforms) = postSolution
		{244B60C8-FE67-4727-874A-337A66F621E0}.Debug|Any CPU.ActiveCfg = Debug|Any CPU
		{244B60C8-FE67-4727-874A-337A66F621E0}.Debug|Any CPU.Build.0 = Debug|Any CPU
		{244B60C8-FE67-4727-874A-337A66F621E0}.Release|Any CPU.ActiveCfg = Release|Any CPU
		{244B60C8-FE67-4727-874A-337A66F621E0}.Release|Any CPU.Build.0 = Release|Any CPU
		{62E7A14D-8797-4F50-AF58-AF2F5D1350D1}.Debug|Any CPU.ActiveCfg = Debug|Any CPU
		{62E7A14D-8797-4F50-AF58-AF2F5D1350D1}.Debug|Any CPU.Build.0 = Debug|Any CPU
		{62E7A14D-8797-4F50-AF58-AF2F5D1350D1}.Release|Any CPU.ActiveCfg = Release|Any CPU
		{62E7A14D-8797-4F50-AF58-AF2F5D1350D1}.Release|Any CPU.Build.0 = Release|Any CPU
		{1E53A4ED-CB63-4748-8E25-3E44996F0633}.Debug|Any CPU.ActiveCfg = Debug|Any CPU
		{1E53A4ED-CB63-4748-8E25-3E44996F0633}.Debug|Any CPU.Build.0 = Debug|Any CPU
		{1E53A4ED-CB63-4748-8E25-3E44996F0633}.Release|Any CPU.ActiveCfg = Release|Any CPU
		{1E53A4ED-CB63-4748-8E25-3E44996F0633}.Release|Any CPU.Build.0 = Release|Any CPU
		{B50A966C-3627-4CC9-BD4C-0FAB5745AC9B}.Debug|Any CPU.ActiveCfg = Debug|Any CPU
		{B50A966C-3627-4CC9-BD4C-0FAB5745AC9B}.Debug|Any CPU.Build.0 = Debug|Any CPU
		{B50A966C-3627-4CC9-BD4C-0FAB5745AC9B}.Release|Any CPU.ActiveCfg = Release|Any CPU
		{B50A966C-3627-4CC9-BD4C-0FAB5745AC9B}.Release|Any CPU.Build.0 = Release|Any CPU
		{21E6B0E5-C117-413E-BF14-4599333B2B88}.Debug|Any CPU.ActiveCfg = Debug|Any CPU
		{21E6B0E5-C117-413E-BF14-4599333B2B88}.Debug|Any CPU.Build.0 = Debug|Any CPU
		{21E6B0E5-C117-413E-BF14-4599333B2B88}.Release|Any CPU.ActiveCfg = Release|Any CPU
		{21E6B0E5-C117-413E-BF14-4599333B2B88}.Release|Any CPU.Build.0 = Release|Any CPU
		{FF05112B-3350-4B94-8583-BEF6C4C0CA96}.Debug|Any CPU.ActiveCfg = Debug|Any CPU
		{FF05112B-3350-4B94-8583-BEF6C4C0CA96}.Debug|Any CPU.Build.0 = Debug|Any CPU
		{FF05112B-3350-4B94-8583-BEF6C4C0CA96}.Release|Any CPU.ActiveCfg = Release|Any CPU
		{FF05112B-3350-4B94-8583-BEF6C4C0CA96}.Release|Any CPU.Build.0 = Release|Any CPU
		{2D01CD1E-F656-4978-A4DE-8213B9D643F7}.Debug|Any CPU.ActiveCfg = Debug|Any CPU
		{2D01CD1E-F656-4978-A4DE-8213B9D643F7}.Debug|Any CPU.Build.0 = Debug|Any CPU
		{2D01CD1E-F656-4978-A4DE-8213B9D643F7}.Release|Any CPU.ActiveCfg = Release|Any CPU
		{2D01CD1E-F656-4978-A4DE-8213B9D643F7}.Release|Any CPU.Build.0 = Release|Any CPU
		{41207546-8170-4625-B663-31E0035A45DE}.Debug|Any CPU.ActiveCfg = Debug|Any CPU
		{41207546-8170-4625-B663-31E0035A45DE}.Debug|Any CPU.Build.0 = Debug|Any CPU
		{41207546-8170-4625-B663-31E0035A45DE}.Release|Any CPU.ActiveCfg = Release|Any CPU
		{41207546-8170-4625-B663-31E0035A45DE}.Release|Any CPU.Build.0 = Release|Any CPU
		{BBBD5D06-6D10-4BF6-8F9D-2D278029A989}.Debug|Any CPU.ActiveCfg = Debug|Any CPU
		{BBBD5D06-6D10-4BF6-8F9D-2D278029A989}.Debug|Any CPU.Build.0 = Debug|Any CPU
		{BBBD5D06-6D10-4BF6-8F9D-2D278029A989}.Release|Any CPU.ActiveCfg = Release|Any CPU
		{BBBD5D06-6D10-4BF6-8F9D-2D278029A989}.Release|Any CPU.Build.0 = Release|Any CPU
	EndGlobalSection
	GlobalSection(SolutionProperties) = preSolution
		HideSolutionNode = FALSE
	EndGlobalSection
	GlobalSection(ExtensibilityGlobals) = postSolution
		SolutionGuid = {3F47D168-A8D7-48AA-80E2-9ECF5EB7E7D9}
	EndGlobalSection
EndGlobal
